
Microsoft Visual Studio Solution File, Format Version 12.00
# Visual Studio Version 17
VisualStudioVersion = 17.11.35327.3
MinimumVisualStudioVersion = 10.0.40219.1
Project("{9A19103F-16F7-4668-BE54-9A1E7A4F7556}") = "DogQuiz", "src\DogQuiz\DogQuiz.csproj", "{C3526BF3-6FD5-4F11-AD05-6F597DECD674}"
EndProject
Project("{FAE04EC0-301F-11D3-BF4B-00C04F79EFBC}") = "DogQuiz.UnitTests", "tests\DogQuiz.UnitTests\DogQuiz.UnitTests.csproj", "{06B3542D-D234-43EE-AC7A-AD4B8BBAF1DA}"
EndProject
Global
	GlobalSection(SolutionConfigurationPlatforms) = preSolution
		Debug|Any CPU = Debug|Any CPU
		Release|Any CPU = Release|Any CPU
	EndGlobalSection
	GlobalSection(ProjectConfigurationPlatforms) = postSolution
		{C3526BF3-6FD5-4F11-AD05-6F597DECD674}.Debug|Any CPU.ActiveCfg = Debug|Any CPU
		{C3526BF3-6FD5-4F11-AD05-6F597DECD674}.Debug|Any CPU.Build.0 = Debug|Any CPU
		{C3526BF3-6FD5-4F11-AD05-6F597DECD674}.Release|Any CPU.ActiveCfg = Release|Any CPU
		{C3526BF3-6FD5-4F11-AD05-6F597DECD674}.Release|Any CPU.Build.0 = Release|Any CPU
		{06B3542D-D234-43EE-AC7A-AD4B8BBAF1DA}.Debug|Any CPU.ActiveCfg = Debug|Any CPU
		{06B3542D-D234-43EE-AC7A-AD4B8BBAF1DA}.Debug|Any CPU.Build.0 = Debug|Any CPU
		{06B3542D-D234-43EE-AC7A-AD4B8BBAF1DA}.Release|Any CPU.ActiveCfg = Release|Any CPU
		{06B3542D-D234-43EE-AC7A-AD4B8BBAF1DA}.Release|Any CPU.Build.0 = Release|Any CPU
	EndGlobalSection
	GlobalSection(SolutionProperties) = preSolution
		HideSolutionNode = FALSE
	EndGlobalSection
	GlobalSection(ExtensibilityGlobals) = postSolution
		SolutionGuid = {01735662-771A-4666-A471-193B6EC6C4A3}
	EndGlobalSection
EndGlobal
